
Microsoft Visual Studio Solution File, Format Version 12.00
# Visual Studio Version 17
VisualStudioVersion = 17.11.35208.52
MinimumVisualStudioVersion = 10.0.40219.1
Project("{FAE04EC0-301F-11D3-BF4B-00C04F79EFBC}") = "MobileShop", "bai_kiem_tra_20-11\MobileShop.csproj", "{7F0C68D2-8692-4922-8590-1F1865027992}"
EndProject
Global
	GlobalSection(SolutionConfigurationPlatforms) = preSolution
		Debug|Any CPU = Debug|Any CPU
		Release|Any CPU = Release|Any CPU
	EndGlobalSection
	GlobalSection(ProjectConfigurationPlatforms) = postSolution
		{7F0C68D2-8692-4922-8590-1F1865027992}.Debug|Any CPU.ActiveCfg = Debug|Any CPU
		{7F0C68D2-8692-4922-8590-1F1865027992}.Debug|Any CPU.Build.0 = Debug|Any CPU
		{7F0C68D2-8692-4922-8590-1F1865027992}.Release|Any CPU.ActiveCfg = Release|Any CPU
		{7F0C68D2-8692-4922-8590-1F1865027992}.Release|Any CPU.Build.0 = Release|Any CPU
	EndGlobalSection
	GlobalSection(SolutionProperties) = preSolution
		HideSolutionNode = FALSE
	EndGlobalSection
	GlobalSection(ExtensibilityGlobals) = postSolution
		SolutionGuid = {03CAC1E9-1211-4527-993D-CE4DE49AB9EF}
	EndGlobalSection
EndGlobal
